
Microsoft Visual Studio Solution File, Format Version 12.00
# Visual Studio Version 17
VisualStudioVersion = 17.0.31903.59
MinimumVisualStudioVersion = 10.0.40219.1
Project("{9A19103F-16F7-4668-BE54-9A1E7A4F7556}") = "Cocona", "src\Cocona\Cocona.csproj", "{23C5CF4A-F006-404C-B9D2-EE43D576871E}"
EndProject
Project("{9A19103F-16F7-4668-BE54-9A1E7A4F7556}") = "Cocona.Test", "test\Cocona.Test\Cocona.Test.csproj", "{0B43AAEE-2C97-4D45-A3A9-C761CFBB89B6}"
EndProject
Project("{2150E333-8FDC-42A3-9474-1A3956D46DE8}") = "Solution Items", "Solution Items", "{09F6C99E-D874-4C82-90AA-A37E5BE707C4}"
	ProjectSection(SolutionItems) = preProject
		.editorconfig = .editorconfig
		.gitattributes = .gitattributes
		.gitignore = .gitignore
		Directory.Build.props = Directory.Build.props
		global.json = global.json
		README.md = README.md
	EndProjectSection
EndProject
Project("{2150E333-8FDC-42A3-9474-1A3956D46DE8}") = "Samples", "Samples", "{26F0BA96-C75C-4BDF-A1CC-3A9F58A16D9E}"
EndProject
Project("{9A19103F-16F7-4668-BE54-9A1E7A4F7556}") = "CoconaSample.Advanced.PreventMultipleInstances", "samples\Advanced.PreventMultipleInstances\CoconaSample.Advanced.PreventMultipleInstances.csproj", "{5D129837-6E27-40E4-93A7-87C06E5CF1AB}"
EndProject
Project("{9A19103F-16F7-4668-BE54-9A1E7A4F7556}") = "CoconaSample.InAction.CommandFilter", "samples\InAction.CommandFilter\CoconaSample.InAction.CommandFilter.csproj", "{144EDBA0-838A-4DBA-B882-65C31DF70734}"
EndProject
Project("{9A19103F-16F7-4668-BE54-9A1E7A4F7556}") = "CoconaSample.InAction.ManyArguments", "samples\InAction.ManyArguments\CoconaSample.InAction.ManyArguments.csproj", "{A455C92E-C3C7-4EAB-8C14-9A03834D90C3}"
EndProject
Project("{9A19103F-16F7-4668-BE54-9A1E7A4F7556}") = "CoconaSample.InAction.DependencyInjection", "samples\InAction.DependencyInjection\CoconaSample.InAction.DependencyInjection.csproj", "{E415C3D5-DCC4-4876-8122-EEA2FAD69295}"
EndProject
Project("{9A19103F-16F7-4668-BE54-9A1E7A4F7556}") = "CoconaSample.InAction.HandleShutdownSignal", "samples\InAction.HandleShutdownSignal\CoconaSample.InAction.HandleShutdownSignal.csproj", "{433C57D8-B703-46B6-B313-C31405C11BE0}"
EndProject
Project("{9A19103F-16F7-4668-BE54-9A1E7A4F7556}") = "CoconaSample.InAction.ExitCode", "samples\InAction.ExitCode\CoconaSample.InAction.ExitCode.csproj", "{9FCD7EF6-A720-4392-9B5E-E29AE01E06A7}"
EndProject
Project("{9A19103F-16F7-4668-BE54-9A1E7A4F7556}") = "CoconaSample.GettingStarted.MinimalApp", "samples\GettingStarted.MinimalApp\CoconaSample.GettingStarted.MinimalApp.csproj", "{96E0A0B5-60A8-4BFE-A7EE-09E1A878F1F7}"
EndProject
Project("{9A19103F-16F7-4668-BE54-9A1E7A4F7556}") = "CoconaSample.GettingStarted.SubCommandApp", "samples\GettingStarted.SubCommandApp\CoconaSample.GettingStarted.SubCommandApp.csproj", "{4B1C04AF-9478-4D79-82BF-140C5446A2FB}"
EndProject
Project("{9A19103F-16F7-4668-BE54-9A1E7A4F7556}") = "CoconaSample.GettingStarted.TypicalSimpleApp", "samples\GettingStarted.TypicalSimpleApp\CoconaSample.GettingStarted.TypicalSimpleApp.csproj", "{83C8BDA5-6BBC-43F8-A6B6-700184597A48}"
EndProject
Project("{9A19103F-16F7-4668-BE54-9A1E7A4F7556}") = "CoconaSample.InAction.CommandOptionOverload", "samples\InAction.CommandOptionOverload\CoconaSample.InAction.CommandOptionOverload.csproj", "{BD9A8CD2-FC92-41D1-BD52-9495EAE0E557}"
EndProject
Project("{9A19103F-16F7-4668-BE54-9A1E7A4F7556}") = "CoconaSample.Advanced.HelpTransformer", "samples\Advanced.HelpTransformer\CoconaSample.Advanced.HelpTransformer.csproj", "{53A79BEE-DF6D-4E6F-B5DA-B34E7F6C50DD}"
EndProject
Project("{9A19103F-16F7-4668-BE54-9A1E7A4F7556}") = "CoconaSample.InAction.CommandOptions", "samples\InAction.CommandOptions\CoconaSample.InAction.CommandOptions.csproj", "{528367FE-5A15-471D-B461-5596958E9FB8}"
EndProject
Project("{9A19103F-16F7-4668-BE54-9A1E7A4F7556}") = "CoconaSample.Advanced.GenericHost", "samples\Advanced.GenericHost\CoconaSample.Advanced.GenericHost.csproj", "{CFC811DE-1C26-433E-AE6D-162F4F38E174}"
EndProject
Project("{9A19103F-16F7-4668-BE54-9A1E7A4F7556}") = "CoconaSample.Advanced.JsonValueConverter", "samples\Advanced.JsonValueConverter\CoconaSample.Advanced.JsonValueConverter.csproj", "{98AE66A4-0C9D-4ADA-9F8F-CA6D4BAEDC27}"
EndProject
Project("{9A19103F-16F7-4668-BE54-9A1E7A4F7556}") = "CoconaSample.InAction.AppConfiguration", "samples\InAction.AppConfiguration\CoconaSample.InAction.AppConfiguration.csproj", "{55D4B44C-4377-42BB-AAAB-52B42DFA65EA}"
EndProject
Project("{9A19103F-16F7-4668-BE54-9A1E7A4F7556}") = "CoconaSample.InAction.MultipleCommandTypes", "samples\InAction.MultipleCommandTypes\CoconaSample.InAction.MultipleCommandTypes.csproj", "{1BFA17E7-748E-420C-9219-E91EF8258032}"
EndProject
Project("{9A19103F-16F7-4668-BE54-9A1E7A4F7556}") = "CoconaSample.InAction.Validation", "samples\InAction.Validation\CoconaSample.InAction.Validation.csproj", "{D16A9914-6434-4FFC-8649-371D2A852322}"
EndProject
Project("{9A19103F-16F7-4668-BE54-9A1E7A4F7556}") = "Cocona.Core", "src\Cocona.Core\Cocona.Core.csproj", "{609ADF08-EE49-412F-B510-F67832B944AD}"
EndProject
Project("{2150E333-8FDC-42A3-9474-1A3956D46DE8}") = "Performance", "Performance", "{57101248-CC0B-4391-80BF-E2BC2C12B29A}"
EndProject
Project("{9A19103F-16F7-4668-BE54-9A1E7A4F7556}") = "Cocona.Benchmark.Performance", "perf\Cocona.Benchmark.Performance\Cocona.Benchmark.Performance.csproj", "{A37E0B66-EE72-431D-9857-2E8C05B3F054}"
EndProject
Project("{9A19103F-16F7-4668-BE54-9A1E7A4F7556}") = "Cocona.Lite", "src\Cocona.Lite\Cocona.Lite.csproj", "{5C5E3459-42A8-4A6E-82C9-B69710F06161}"
EndProject
Project("{9A19103F-16F7-4668-BE54-9A1E7A4F7556}") = "Cocona.Benchmark.External", "perf\Cocona.Benchmark.External\Cocona.Benchmark.External.csproj", "{277C869F-BD92-4CFE-9B5D-119D21D9D859}"
EndProject
Project("{2150E333-8FDC-42A3-9474-1A3956D46DE8}") = "Tests", "Tests", "{D154CC2E-568E-45D3-87EB-F0EDF70A763B}"
EndProject
Project("{9A19103F-16F7-4668-BE54-9A1E7A4F7556}") = "Cocona.Lite.Test", "test\Cocona.Lite.Test\Cocona.Lite.Test.csproj", "{E3BFD00E-199E-492F-813D-3D8B2A29258F}"
EndProject
Project("{9A19103F-16F7-4668-BE54-9A1E7A4F7556}") = "CoconaSample.Advanced.ShellCompletionCandidates", "samples\Advanced.ShellCompletionCandidates\CoconaSample.Advanced.ShellCompletionCandidates.csproj", "{1951CD16-9CFD-4DF1-A0ED-7F4EC6AE4D72}"
EndProject
Project("{9A19103F-16F7-4668-BE54-9A1E7A4F7556}") = "CoconaSample.Advanced.OptionLikeCommand", "samples\Advanced.OptionLikeCommand\CoconaSample.Advanced.OptionLikeCommand.csproj", "{974EB617-441F-4DC8-88CE-92C896E0FC58}"
EndProject
Project("{9A19103F-16F7-4668-BE54-9A1E7A4F7556}") = "CoconaSample.Advanced.CommandMethodForwarding", "samples\Advanced.CommandMethodForwarding\CoconaSample.Advanced.CommandMethodForwarding.csproj", "{2E5BEBF1-FCDE-4DA3-9A06-4EC721E89AFD}"
EndProject
Project("{9A19103F-16F7-4668-BE54-9A1E7A4F7556}") = "CoconaSample.Advanced.HelpOnDemand", "samples\Advanced.HelpOnDemand\CoconaSample.Advanced.HelpOnDemand.csproj", "{089D815D-2199-4CCA-9BAF-F7386F883063}"
EndProject
Project("{2150E333-8FDC-42A3-9474-1A3956D46DE8}") = "GitHub Actions", "GitHub Actions", "{F7ED9A50-845E-4A47-9F4E-A0C372082D76}"
	ProjectSection(SolutionItems) = preProject
		.github\workflows\build.yaml = .github\workflows\build.yaml
	EndProjectSection
EndProject
Project("{2150E333-8FDC-42A3-9474-1A3956D46DE8}") = "Azure Pipelines", "Azure Pipelines", "{C5099F3C-62C3-45F3-BFB9-194E0CEF55DB}"
	ProjectSection(SolutionItems) = preProject
		.azure-pipelines\build.yml = .azure-pipelines\build.yml
	EndProjectSection
EndProject
Project("{9A19103F-16F7-4668-BE54-9A1E7A4F7556}") = "CoconaSample.InAction.ParameterSet", "samples\InAction.ParameterSet\CoconaSample.InAction.ParameterSet.csproj", "{A5F06C10-A10C-404D-B7F5-B0C90FAE87C8}"
EndProject
Project("{9A19103F-16F7-4668-BE54-9A1E7A4F7556}") = "CoconaSample.MinimalApi.QuickStart", "samples\MinimalApi.QuickStart\CoconaSample.MinimalApi.QuickStart.csproj", "{64E7005D-70D2-4CB0-9ACC-835D88031F50}"
EndProject
Project("{9A19103F-16F7-4668-BE54-9A1E7A4F7556}") = "CoconaSample.MinimalApi.MultipleCommands", "samples\MinimalApi.MultipleCommands\CoconaSample.MinimalApi.MultipleCommands.csproj", "{398FF1CA-CE6E-478A-B2AB-6F3441547352}"
EndProject
Project("{9A19103F-16F7-4668-BE54-9A1E7A4F7556}") = "CoconaSample.MinimalApi.SubCommand", "samples\MinimalApi.SubCommand\CoconaSample.MinimalApi.SubCommand.csproj", "{A32C73D0-E725-4CBB-81D4-EF81CFC67B14}"
EndProject
Project("{9A19103F-16F7-4668-BE54-9A1E7A4F7556}") = "CoconaSample.MinimalApi.InAction", "samples\MinimalApi.InAction\CoconaSample.MinimalApi.InAction.csproj", "{51E42619-D33A-4046-A80D-A979591C19D3}"
EndProject
Project("{FAE04EC0-301F-11D3-BF4B-00C04F79EFBC}") = "CoconaSample.Advanced.Localization", "samples\Advanced.Localization\CoconaSample.Advanced.Localization.csproj", "{7A178909-623C-4788-ADD4-9437091128BA}"
EndProject
Global
	GlobalSection(SolutionConfigurationPlatforms) = preSolution
		Debug|Any CPU = Debug|Any CPU
		Release|Any CPU = Release|Any CPU
	EndGlobalSection
	GlobalSection(ProjectConfigurationPlatforms) = postSolution
		{23C5CF4A-F006-404C-B9D2-EE43D576871E}.Debug|Any CPU.ActiveCfg = Debug|Any CPU
		{23C5CF4A-F006-404C-B9D2-EE43D576871E}.Debug|Any CPU.Build.0 = Debug|Any CPU
		{23C5CF4A-F006-404C-B9D2-EE43D576871E}.Release|Any CPU.ActiveCfg = Release|Any CPU
		{23C5CF4A-F006-404C-B9D2-EE43D576871E}.Release|Any CPU.Build.0 = Release|Any CPU
		{0B43AAEE-2C97-4D45-A3A9-C761CFBB89B6}.Debug|Any CPU.ActiveCfg = Debug|Any CPU
		{0B43AAEE-2C97-4D45-A3A9-C761CFBB89B6}.Debug|Any CPU.Build.0 = Debug|Any CPU
		{0B43AAEE-2C97-4D45-A3A9-C761CFBB89B6}.Release|Any CPU.ActiveCfg = Release|Any CPU
		{0B43AAEE-2C97-4D45-A3A9-C761CFBB89B6}.Release|Any CPU.Build.0 = Release|Any CPU
		{5D129837-6E27-40E4-93A7-87C06E5CF1AB}.Debug|Any CPU.ActiveCfg = Debug|Any CPU
		{5D129837-6E27-40E4-93A7-87C06E5CF1AB}.Debug|Any CPU.Build.0 = Debug|Any CPU
		{5D129837-6E27-40E4-93A7-87C06E5CF1AB}.Release|Any CPU.ActiveCfg = Release|Any CPU
		{5D129837-6E27-40E4-93A7-87C06E5CF1AB}.Release|Any CPU.Build.0 = Release|Any CPU
		{144EDBA0-838A-4DBA-B882-65C31DF70734}.Debug|Any CPU.ActiveCfg = Debug|Any CPU
		{144EDBA0-838A-4DBA-B882-65C31DF70734}.Debug|Any CPU.Build.0 = Debug|Any CPU
		{144EDBA0-838A-4DBA-B882-65C31DF70734}.Release|Any CPU.ActiveCfg = Release|Any CPU
		{144EDBA0-838A-4DBA-B882-65C31DF70734}.Release|Any CPU.Build.0 = Release|Any CPU
		{A455C92E-C3C7-4EAB-8C14-9A03834D90C3}.Debug|Any CPU.ActiveCfg = Debug|Any CPU
		{A455C92E-C3C7-4EAB-8C14-9A03834D90C3}.Debug|Any CPU.Build.0 = Debug|Any CPU
		{A455C92E-C3C7-4EAB-8C14-9A03834D90C3}.Release|Any CPU.ActiveCfg = Release|Any CPU
		{A455C92E-C3C7-4EAB-8C14-9A03834D90C3}.Release|Any CPU.Build.0 = Release|Any CPU
		{E415C3D5-DCC4-4876-8122-EEA2FAD69295}.Debug|Any CPU.ActiveCfg = Debug|Any CPU
		{E415C3D5-DCC4-4876-8122-EEA2FAD69295}.Debug|Any CPU.Build.0 = Debug|Any CPU
		{E415C3D5-DCC4-4876-8122-EEA2FAD69295}.Release|Any CPU.ActiveCfg = Release|Any CPU
		{E415C3D5-DCC4-4876-8122-EEA2FAD69295}.Release|Any CPU.Build.0 = Release|Any CPU
		{433C57D8-B703-46B6-B313-C31405C11BE0}.Debug|Any CPU.ActiveCfg = Debug|Any CPU
		{433C57D8-B703-46B6-B313-C31405C11BE0}.Debug|Any CPU.Build.0 = Debug|Any CPU
		{433C57D8-B703-46B6-B313-C31405C11BE0}.Release|Any CPU.ActiveCfg = Release|Any CPU
		{433C57D8-B703-46B6-B313-C31405C11BE0}.Release|Any CPU.Build.0 = Release|Any CPU
		{9FCD7EF6-A720-4392-9B5E-E29AE01E06A7}.Debug|Any CPU.ActiveCfg = Debug|Any CPU
		{9FCD7EF6-A720-4392-9B5E-E29AE01E06A7}.Debug|Any CPU.Build.0 = Debug|Any CPU
		{9FCD7EF6-A720-4392-9B5E-E29AE01E06A7}.Release|Any CPU.ActiveCfg = Release|Any CPU
		{9FCD7EF6-A720-4392-9B5E-E29AE01E06A7}.Release|Any CPU.Build.0 = Release|Any CPU
		{96E0A0B5-60A8-4BFE-A7EE-09E1A878F1F7}.Debug|Any CPU.ActiveCfg = Debug|Any CPU
		{96E0A0B5-60A8-4BFE-A7EE-09E1A878F1F7}.Debug|Any CPU.Build.0 = Debug|Any CPU
		{96E0A0B5-60A8-4BFE-A7EE-09E1A878F1F7}.Release|Any CPU.ActiveCfg = Release|Any CPU
		{96E0A0B5-60A8-4BFE-A7EE-09E1A878F1F7}.Release|Any CPU.Build.0 = Release|Any CPU
		{4B1C04AF-9478-4D79-82BF-140C5446A2FB}.Debug|Any CPU.ActiveCfg = Debug|Any CPU
		{4B1C04AF-9478-4D79-82BF-140C5446A2FB}.Debug|Any CPU.Build.0 = Debug|Any CPU
		{4B1C04AF-9478-4D79-82BF-140C5446A2FB}.Release|Any CPU.ActiveCfg = Release|Any CPU
		{4B1C04AF-9478-4D79-82BF-140C5446A2FB}.Release|Any CPU.Build.0 = Release|Any CPU
		{83C8BDA5-6BBC-43F8-A6B6-700184597A48}.Debug|Any CPU.ActiveCfg = Debug|Any CPU
		{83C8BDA5-6BBC-43F8-A6B6-700184597A48}.Debug|Any CPU.Build.0 = Debug|Any CPU
		{83C8BDA5-6BBC-43F8-A6B6-700184597A48}.Release|Any CPU.ActiveCfg = Release|Any CPU
		{83C8BDA5-6BBC-43F8-A6B6-700184597A48}.Release|Any CPU.Build.0 = Release|Any CPU
		{BD9A8CD2-FC92-41D1-BD52-9495EAE0E557}.Debug|Any CPU.ActiveCfg = Debug|Any CPU
		{BD9A8CD2-FC92-41D1-BD52-9495EAE0E557}.Debug|Any CPU.Build.0 = Debug|Any CPU
		{BD9A8CD2-FC92-41D1-BD52-9495EAE0E557}.Release|Any CPU.ActiveCfg = Release|Any CPU
		{BD9A8CD2-FC92-41D1-BD52-9495EAE0E557}.Release|Any CPU.Build.0 = Release|Any CPU
		{53A79BEE-DF6D-4E6F-B5DA-B34E7F6C50DD}.Debug|Any CPU.ActiveCfg = Debug|Any CPU
		{53A79BEE-DF6D-4E6F-B5DA-B34E7F6C50DD}.Debug|Any CPU.Build.0 = Debug|Any CPU
		{53A79BEE-DF6D-4E6F-B5DA-B34E7F6C50DD}.Release|Any CPU.ActiveCfg = Release|Any CPU
		{53A79BEE-DF6D-4E6F-B5DA-B34E7F6C50DD}.Release|Any CPU.Build.0 = Release|Any CPU
		{528367FE-5A15-471D-B461-5596958E9FB8}.Debug|Any CPU.ActiveCfg = Debug|Any CPU
		{528367FE-5A15-471D-B461-5596958E9FB8}.Debug|Any CPU.Build.0 = Debug|Any CPU
		{528367FE-5A15-471D-B461-5596958E9FB8}.Release|Any CPU.ActiveCfg = Release|Any CPU
		{528367FE-5A15-471D-B461-5596958E9FB8}.Release|Any CPU.Build.0 = Release|Any CPU
		{CFC811DE-1C26-433E-AE6D-162F4F38E174}.Debug|Any CPU.ActiveCfg = Debug|Any CPU
		{CFC811DE-1C26-433E-AE6D-162F4F38E174}.Debug|Any CPU.Build.0 = Debug|Any CPU
		{CFC811DE-1C26-433E-AE6D-162F4F38E174}.Release|Any CPU.ActiveCfg = Release|Any CPU
		{CFC811DE-1C26-433E-AE6D-162F4F38E174}.Release|Any CPU.Build.0 = Release|Any CPU
		{98AE66A4-0C9D-4ADA-9F8F-CA6D4BAEDC27}.Debug|Any CPU.ActiveCfg = Debug|Any CPU
		{98AE66A4-0C9D-4ADA-9F8F-CA6D4BAEDC27}.Debug|Any CPU.Build.0 = Debug|Any CPU
		{98AE66A4-0C9D-4ADA-9F8F-CA6D4BAEDC27}.Release|Any CPU.ActiveCfg = Release|Any CPU
		{98AE66A4-0C9D-4ADA-9F8F-CA6D4BAEDC27}.Release|Any CPU.Build.0 = Release|Any CPU
		{55D4B44C-4377-42BB-AAAB-52B42DFA65EA}.Debug|Any CPU.ActiveCfg = Debug|Any CPU
		{55D4B44C-4377-42BB-AAAB-52B42DFA65EA}.Debug|Any CPU.Build.0 = Debug|Any CPU
		{55D4B44C-4377-42BB-AAAB-52B42DFA65EA}.Release|Any CPU.ActiveCfg = Release|Any CPU
		{55D4B44C-4377-42BB-AAAB-52B42DFA65EA}.Release|Any CPU.Build.0 = Release|Any CPU
		{1BFA17E7-748E-420C-9219-E91EF8258032}.Debug|Any CPU.ActiveCfg = Debug|Any CPU
		{1BFA17E7-748E-420C-9219-E91EF8258032}.Debug|Any CPU.Build.0 = Debug|Any CPU
		{1BFA17E7-748E-420C-9219-E91EF8258032}.Release|Any CPU.ActiveCfg = Release|Any CPU
		{1BFA17E7-748E-420C-9219-E91EF8258032}.Release|Any CPU.Build.0 = Release|Any CPU
		{D16A9914-6434-4FFC-8649-371D2A852322}.Debug|Any CPU.ActiveCfg = Debug|Any CPU
		{D16A9914-6434-4FFC-8649-371D2A852322}.Debug|Any CPU.Build.0 = Debug|Any CPU
		{D16A9914-6434-4FFC-8649-371D2A852322}.Release|Any CPU.ActiveCfg = Release|Any CPU
		{D16A9914-6434-4FFC-8649-371D2A852322}.Release|Any CPU.Build.0 = Release|Any CPU
		{609ADF08-EE49-412F-B510-F67832B944AD}.Debug|Any CPU.ActiveCfg = Debug|Any CPU
		{609ADF08-EE49-412F-B510-F67832B944AD}.Debug|Any CPU.Build.0 = Debug|Any CPU
		{609ADF08-EE49-412F-B510-F67832B944AD}.Release|Any CPU.ActiveCfg = Release|Any CPU
		{609ADF08-EE49-412F-B510-F67832B944AD}.Release|Any CPU.Build.0 = Release|Any CPU
		{A37E0B66-EE72-431D-9857-2E8C05B3F054}.Debug|Any CPU.ActiveCfg = Debug|Any CPU
		{A37E0B66-EE72-431D-9857-2E8C05B3F054}.Debug|Any CPU.Build.0 = Debug|Any CPU
		{A37E0B66-EE72-431D-9857-2E8C05B3F054}.Release|Any CPU.ActiveCfg = Release|Any CPU
		{A37E0B66-EE72-431D-9857-2E8C05B3F054}.Release|Any CPU.Build.0 = Release|Any CPU
		{5C5E3459-42A8-4A6E-82C9-B69710F06161}.Debug|Any CPU.ActiveCfg = Debug|Any CPU
		{5C5E3459-42A8-4A6E-82C9-B69710F06161}.Debug|Any CPU.Build.0 = Debug|Any CPU
		{5C5E3459-42A8-4A6E-82C9-B69710F06161}.Release|Any CPU.ActiveCfg = Release|Any CPU
		{5C5E3459-42A8-4A6E-82C9-B69710F06161}.Release|Any CPU.Build.0 = Release|Any CPU
		{277C869F-BD92-4CFE-9B5D-119D21D9D859}.Debug|Any CPU.ActiveCfg = Debug|Any CPU
		{277C869F-BD92-4CFE-9B5D-119D21D9D859}.Debug|Any CPU.Build.0 = Debug|Any CPU
		{277C869F-BD92-4CFE-9B5D-119D21D9D859}.Release|Any CPU.ActiveCfg = Release|Any CPU
		{277C869F-BD92-4CFE-9B5D-119D21D9D859}.Release|Any CPU.Build.0 = Release|Any CPU
		{E3BFD00E-199E-492F-813D-3D8B2A29258F}.Debug|Any CPU.ActiveCfg = Debug|Any CPU
		{E3BFD00E-199E-492F-813D-3D8B2A29258F}.Debug|Any CPU.Build.0 = Debug|Any CPU
		{E3BFD00E-199E-492F-813D-3D8B2A29258F}.Release|Any CPU.ActiveCfg = Release|Any CPU
		{E3BFD00E-199E-492F-813D-3D8B2A29258F}.Release|Any CPU.Build.0 = Release|Any CPU
		{1951CD16-9CFD-4DF1-A0ED-7F4EC6AE4D72}.Debug|Any CPU.ActiveCfg = Debug|Any CPU
		{1951CD16-9CFD-4DF1-A0ED-7F4EC6AE4D72}.Debug|Any CPU.Build.0 = Debug|Any CPU
		{1951CD16-9CFD-4DF1-A0ED-7F4EC6AE4D72}.Release|Any CPU.ActiveCfg = Release|Any CPU
		{1951CD16-9CFD-4DF1-A0ED-7F4EC6AE4D72}.Release|Any CPU.Build.0 = Release|Any CPU
		{974EB617-441F-4DC8-88CE-92C896E0FC58}.Debug|Any CPU.ActiveCfg = Debug|Any CPU
		{974EB617-441F-4DC8-88CE-92C896E0FC58}.Debug|Any CPU.Build.0 = Debug|Any CPU
		{974EB617-441F-4DC8-88CE-92C896E0FC58}.Release|Any CPU.ActiveCfg = Release|Any CPU
		{974EB617-441F-4DC8-88CE-92C896E0FC58}.Release|Any CPU.Build.0 = Release|Any CPU
		{2E5BEBF1-FCDE-4DA3-9A06-4EC721E89AFD}.Debug|Any CPU.ActiveCfg = Debug|Any CPU
		{2E5BEBF1-FCDE-4DA3-9A06-4EC721E89AFD}.Debug|Any CPU.Build.0 = Debug|Any CPU
		{2E5BEBF1-FCDE-4DA3-9A06-4EC721E89AFD}.Release|Any CPU.ActiveCfg = Release|Any CPU
		{2E5BEBF1-FCDE-4DA3-9A06-4EC721E89AFD}.Release|Any CPU.Build.0 = Release|Any CPU
		{089D815D-2199-4CCA-9BAF-F7386F883063}.Debug|Any CPU.ActiveCfg = Debug|Any CPU
		{089D815D-2199-4CCA-9BAF-F7386F883063}.Debug|Any CPU.Build.0 = Debug|Any CPU
		{089D815D-2199-4CCA-9BAF-F7386F883063}.Release|Any CPU.ActiveCfg = Release|Any CPU
		{089D815D-2199-4CCA-9BAF-F7386F883063}.Release|Any CPU.Build.0 = Release|Any CPU
		{A5F06C10-A10C-404D-B7F5-B0C90FAE87C8}.Debug|Any CPU.ActiveCfg = Debug|Any CPU
		{A5F06C10-A10C-404D-B7F5-B0C90FAE87C8}.Debug|Any CPU.Build.0 = Debug|Any CPU
		{A5F06C10-A10C-404D-B7F5-B0C90FAE87C8}.Release|Any CPU.ActiveCfg = Release|Any CPU
		{A5F06C10-A10C-404D-B7F5-B0C90FAE87C8}.Release|Any CPU.Build.0 = Release|Any CPU
		{64E7005D-70D2-4CB0-9ACC-835D88031F50}.Debug|Any CPU.ActiveCfg = Debug|Any CPU
		{64E7005D-70D2-4CB0-9ACC-835D88031F50}.Debug|Any CPU.Build.0 = Debug|Any CPU
		{64E7005D-70D2-4CB0-9ACC-835D88031F50}.Release|Any CPU.ActiveCfg = Release|Any CPU
		{64E7005D-70D2-4CB0-9ACC-835D88031F50}.Release|Any CPU.Build.0 = Release|Any CPU
		{398FF1CA-CE6E-478A-B2AB-6F3441547352}.Debug|Any CPU.ActiveCfg = Debug|Any CPU
		{398FF1CA-CE6E-478A-B2AB-6F3441547352}.Debug|Any CPU.Build.0 = Debug|Any CPU
		{398FF1CA-CE6E-478A-B2AB-6F3441547352}.Release|Any CPU.ActiveCfg = Release|Any CPU
		{398FF1CA-CE6E-478A-B2AB-6F3441547352}.Release|Any CPU.Build.0 = Release|Any CPU
		{A32C73D0-E725-4CBB-81D4-EF81CFC67B14}.Debug|Any CPU.ActiveCfg = Debug|Any CPU
		{A32C73D0-E725-4CBB-81D4-EF81CFC67B14}.Debug|Any CPU.Build.0 = Debug|Any CPU
		{A32C73D0-E725-4CBB-81D4-EF81CFC67B14}.Release|Any CPU.ActiveCfg = Release|Any CPU
		{A32C73D0-E725-4CBB-81D4-EF81CFC67B14}.Release|Any CPU.Build.0 = Release|Any CPU
		{51E42619-D33A-4046-A80D-A979591C19D3}.Debug|Any CPU.ActiveCfg = Debug|Any CPU
		{51E42619-D33A-4046-A80D-A979591C19D3}.Debug|Any CPU.Build.0 = Debug|Any CPU
		{51E42619-D33A-4046-A80D-A979591C19D3}.Release|Any CPU.ActiveCfg = Release|Any CPU
		{51E42619-D33A-4046-A80D-A979591C19D3}.Release|Any CPU.Build.0 = Release|Any CPU
		{7A178909-623C-4788-ADD4-9437091128BA}.Debug|Any CPU.ActiveCfg = Debug|Any CPU
		{7A178909-623C-4788-ADD4-9437091128BA}.Debug|Any CPU.Build.0 = Debug|Any CPU
		{7A178909-623C-4788-ADD4-9437091128BA}.Release|Any CPU.ActiveCfg = Release|Any CPU
		{7A178909-623C-4788-ADD4-9437091128BA}.Release|Any CPU.Build.0 = Release|Any CPU
	EndGlobalSection
	GlobalSection(SolutionProperties) = preSolution
		HideSolutionNode = FALSE
	EndGlobalSection
	GlobalSection(NestedProjects) = preSolution
		{0B43AAEE-2C97-4D45-A3A9-C761CFBB89B6} = {D154CC2E-568E-45D3-87EB-F0EDF70A763B}
		{5D129837-6E27-40E4-93A7-87C06E5CF1AB} = {26F0BA96-C75C-4BDF-A1CC-3A9F58A16D9E}
		{144EDBA0-838A-4DBA-B882-65C31DF70734} = {26F0BA96-C75C-4BDF-A1CC-3A9F58A16D9E}
		{A455C92E-C3C7-4EAB-8C14-9A03834D90C3} = {26F0BA96-C75C-4BDF-A1CC-3A9F58A16D9E}
		{E415C3D5-DCC4-4876-8122-EEA2FAD69295} = {26F0BA96-C75C-4BDF-A1CC-3A9F58A16D9E}
		{433C57D8-B703-46B6-B313-C31405C11BE0} = {26F0BA96-C75C-4BDF-A1CC-3A9F58A16D9E}
		{9FCD7EF6-A720-4392-9B5E-E29AE01E06A7} = {26F0BA96-C75C-4BDF-A1CC-3A9F58A16D9E}
		{96E0A0B5-60A8-4BFE-A7EE-09E1A878F1F7} = {26F0BA96-C75C-4BDF-A1CC-3A9F58A16D9E}
		{4B1C04AF-9478-4D79-82BF-140C5446A2FB} = {26F0BA96-C75C-4BDF-A1CC-3A9F58A16D9E}
		{83C8BDA5-6BBC-43F8-A6B6-700184597A48} = {26F0BA96-C75C-4BDF-A1CC-3A9F58A16D9E}
		{BD9A8CD2-FC92-41D1-BD52-9495EAE0E557} = {26F0BA96-C75C-4BDF-A1CC-3A9F58A16D9E}
		{53A79BEE-DF6D-4E6F-B5DA-B34E7F6C50DD} = {26F0BA96-C75C-4BDF-A1CC-3A9F58A16D9E}
		{528367FE-5A15-471D-B461-5596958E9FB8} = {26F0BA96-C75C-4BDF-A1CC-3A9F58A16D9E}
		{CFC811DE-1C26-433E-AE6D-162F4F38E174} = {26F0BA96-C75C-4BDF-A1CC-3A9F58A16D9E}
		{98AE66A4-0C9D-4ADA-9F8F-CA6D4BAEDC27} = {26F0BA96-C75C-4BDF-A1CC-3A9F58A16D9E}
		{55D4B44C-4377-42BB-AAAB-52B42DFA65EA} = {26F0BA96-C75C-4BDF-A1CC-3A9F58A16D9E}
		{1BFA17E7-748E-420C-9219-E91EF8258032} = {26F0BA96-C75C-4BDF-A1CC-3A9F58A16D9E}
		{D16A9914-6434-4FFC-8649-371D2A852322} = {26F0BA96-C75C-4BDF-A1CC-3A9F58A16D9E}
		{A37E0B66-EE72-431D-9857-2E8C05B3F054} = {57101248-CC0B-4391-80BF-E2BC2C12B29A}
		{277C869F-BD92-4CFE-9B5D-119D21D9D859} = {57101248-CC0B-4391-80BF-E2BC2C12B29A}
		{E3BFD00E-199E-492F-813D-3D8B2A29258F} = {D154CC2E-568E-45D3-87EB-F0EDF70A763B}
		{1951CD16-9CFD-4DF1-A0ED-7F4EC6AE4D72} = {26F0BA96-C75C-4BDF-A1CC-3A9F58A16D9E}
		{974EB617-441F-4DC8-88CE-92C896E0FC58} = {26F0BA96-C75C-4BDF-A1CC-3A9F58A16D9E}
		{2E5BEBF1-FCDE-4DA3-9A06-4EC721E89AFD} = {26F0BA96-C75C-4BDF-A1CC-3A9F58A16D9E}
		{089D815D-2199-4CCA-9BAF-F7386F883063} = {26F0BA96-C75C-4BDF-A1CC-3A9F58A16D9E}
		{F7ED9A50-845E-4A47-9F4E-A0C372082D76} = {09F6C99E-D874-4C82-90AA-A37E5BE707C4}
		{C5099F3C-62C3-45F3-BFB9-194E0CEF55DB} = {09F6C99E-D874-4C82-90AA-A37E5BE707C4}
		{A5F06C10-A10C-404D-B7F5-B0C90FAE87C8} = {26F0BA96-C75C-4BDF-A1CC-3A9F58A16D9E}
		{64E7005D-70D2-4CB0-9ACC-835D88031F50} = {26F0BA96-C75C-4BDF-A1CC-3A9F58A16D9E}
		{398FF1CA-CE6E-478A-B2AB-6F3441547352} = {26F0BA96-C75C-4BDF-A1CC-3A9F58A16D9E}
		{A32C73D0-E725-4CBB-81D4-EF81CFC67B14} = {26F0BA96-C75C-4BDF-A1CC-3A9F58A16D9E}
		{51E42619-D33A-4046-A80D-A979591C19D3} = {26F0BA96-C75C-4BDF-A1CC-3A9F58A16D9E}
		{7A178909-623C-4788-ADD4-9437091128BA} = {26F0BA96-C75C-4BDF-A1CC-3A9F58A16D9E}
	EndGlobalSection
	GlobalSection(ExtensibilityGlobals) = postSolution
		SolutionGuid = {8DBA26EF-235B-4656-A5DD-00C266A42735}
	EndGlobalSection
EndGlobal
