
Microsoft Visual Studio Solution File, Format Version 12.00
# Visual Studio Version 16
VisualStudioVersion = 16.0.29519.181
MinimumVisualStudioVersion = 10.0.40219.1
Project("{9A19103F-16F7-4668-BE54-9A1E7A4F7556}") = "Cocona", "src\Cocona\Cocona.csproj", "{23C5CF4A-F006-404C-B9D2-EE43D576871E}"
EndProject
Project("{9A19103F-16F7-4668-BE54-9A1E7A4F7556}") = "Cocona.Test", "test\Cocona.Test\Cocona.Test.csproj", "{0B43AAEE-2C97-4D45-A3A9-C761CFBB89B6}"
EndProject
Project("{2150E333-8FDC-42A3-9474-1A3956D46DE8}") = "Solution Items", "Solution Items", "{09F6C99E-D874-4C82-90AA-A37E5BE707C4}"
	ProjectSection(SolutionItems) = preProject
		.editorconfig = .editorconfig
		.gitignore = .gitignore
		Directory.Build.props = Directory.Build.props
		README.md = README.md
	EndProjectSection
EndProject
Project("{2150E333-8FDC-42A3-9474-1A3956D46DE8}") = "Samples", "Samples", "{26F0BA96-C75C-4BDF-A1CC-3A9F58A16D9E}"
EndProject
Project("{9A19103F-16F7-4668-BE54-9A1E7A4F7556}") = "CoconaSampleApp.Simple", "samples\CoconaSampleApp.Simple\CoconaSampleApp.Simple.csproj", "{6467BBDA-5041-4A97-819D-747EA6844952}"
EndProject
Project("{9A19103F-16F7-4668-BE54-9A1E7A4F7556}") = "CoconaSample.Intro.MinimalApp", "samples\CoconaSample.Intro.MinimalApp\CoconaSample.Intro.MinimalApp.csproj", "{15377F80-2317-4000-A785-58CD5D923242}"
EndProject
Project("{9A19103F-16F7-4668-BE54-9A1E7A4F7556}") = "CoconaSample.Intro.TypicalSimpleApp", "samples\CoconaSample.Intro.TypicalSimpleApp\CoconaSample.Intro.TypicalSimpleApp.csproj", "{63C36327-C407-4293-BAF2-B0F9AD9657B9}"
EndProject
Project("{FAE04EC0-301F-11D3-BF4B-00C04F79EFBC}") = "CoconaSample.Intro.SubCommandApp", "samples\CoconaSample.Intro.SubCommandApp\CoconaSample.Intro.SubCommandApp.csproj", "{3B11DF33-D775-45B1-BD16-1B3BE71D7917}"
EndProject
Project("{FAE04EC0-301F-11D3-BF4B-00C04F79EFBC}") = "CoconaSample.Advanced.PreventMultipleInstances", "samples\CoconaSample.Advanced.PreventMultipleInstances\CoconaSample.Advanced.PreventMultipleInstances.csproj", "{5D129837-6E27-40E4-93A7-87C06E5CF1AB}"
EndProject
Project("{FAE04EC0-301F-11D3-BF4B-00C04F79EFBC}") = "CoconaSample.InAction.CommandFilter", "samples\CoconaSample.InAction.CommandFilter\CoconaSample.InAction.CommandFilter.csproj", "{144EDBA0-838A-4DBA-B882-65C31DF70734}"
EndProject
Project("{FAE04EC0-301F-11D3-BF4B-00C04F79EFBC}") = "CoconaSample.InAction.ManyArguments", "samples\CoconaSample.InAction.ManyArguments\CoconaSample.InAction.ManyArguments.csproj", "{A455C92E-C3C7-4EAB-8C14-9A03834D90C3}"
EndProject
Project("{9A19103F-16F7-4668-BE54-9A1E7A4F7556}") = "CoconaSample.InAction.DependencyInjection", "samples\CoconaSample.InAction.DependencyInjection\CoconaSample.InAction.DependencyInjection.csproj", "{E415C3D5-DCC4-4876-8122-EEA2FAD69295}"
EndProject
Global
	GlobalSection(SolutionConfigurationPlatforms) = preSolution
		Debug|Any CPU = Debug|Any CPU
		Release|Any CPU = Release|Any CPU
	EndGlobalSection
	GlobalSection(ProjectConfigurationPlatforms) = postSolution
		{23C5CF4A-F006-404C-B9D2-EE43D576871E}.Debug|Any CPU.ActiveCfg = Debug|Any CPU
		{23C5CF4A-F006-404C-B9D2-EE43D576871E}.Debug|Any CPU.Build.0 = Debug|Any CPU
		{23C5CF4A-F006-404C-B9D2-EE43D576871E}.Release|Any CPU.ActiveCfg = Release|Any CPU
		{23C5CF4A-F006-404C-B9D2-EE43D576871E}.Release|Any CPU.Build.0 = Release|Any CPU
		{0B43AAEE-2C97-4D45-A3A9-C761CFBB89B6}.Debug|Any CPU.ActiveCfg = Debug|Any CPU
		{0B43AAEE-2C97-4D45-A3A9-C761CFBB89B6}.Debug|Any CPU.Build.0 = Debug|Any CPU
		{0B43AAEE-2C97-4D45-A3A9-C761CFBB89B6}.Release|Any CPU.ActiveCfg = Release|Any CPU
		{0B43AAEE-2C97-4D45-A3A9-C761CFBB89B6}.Release|Any CPU.Build.0 = Release|Any CPU
		{6467BBDA-5041-4A97-819D-747EA6844952}.Debug|Any CPU.ActiveCfg = Debug|Any CPU
		{6467BBDA-5041-4A97-819D-747EA6844952}.Debug|Any CPU.Build.0 = Debug|Any CPU
		{6467BBDA-5041-4A97-819D-747EA6844952}.Release|Any CPU.ActiveCfg = Release|Any CPU
		{6467BBDA-5041-4A97-819D-747EA6844952}.Release|Any CPU.Build.0 = Release|Any CPU
		{15377F80-2317-4000-A785-58CD5D923242}.Debug|Any CPU.ActiveCfg = Debug|Any CPU
		{15377F80-2317-4000-A785-58CD5D923242}.Debug|Any CPU.Build.0 = Debug|Any CPU
		{15377F80-2317-4000-A785-58CD5D923242}.Release|Any CPU.ActiveCfg = Release|Any CPU
		{15377F80-2317-4000-A785-58CD5D923242}.Release|Any CPU.Build.0 = Release|Any CPU
		{63C36327-C407-4293-BAF2-B0F9AD9657B9}.Debug|Any CPU.ActiveCfg = Debug|Any CPU
		{63C36327-C407-4293-BAF2-B0F9AD9657B9}.Debug|Any CPU.Build.0 = Debug|Any CPU
		{63C36327-C407-4293-BAF2-B0F9AD9657B9}.Release|Any CPU.ActiveCfg = Release|Any CPU
		{63C36327-C407-4293-BAF2-B0F9AD9657B9}.Release|Any CPU.Build.0 = Release|Any CPU
		{3B11DF33-D775-45B1-BD16-1B3BE71D7917}.Debug|Any CPU.ActiveCfg = Debug|Any CPU
		{3B11DF33-D775-45B1-BD16-1B3BE71D7917}.Debug|Any CPU.Build.0 = Debug|Any CPU
		{3B11DF33-D775-45B1-BD16-1B3BE71D7917}.Release|Any CPU.ActiveCfg = Release|Any CPU
		{3B11DF33-D775-45B1-BD16-1B3BE71D7917}.Release|Any CPU.Build.0 = Release|Any CPU
		{5D129837-6E27-40E4-93A7-87C06E5CF1AB}.Debug|Any CPU.ActiveCfg = Debug|Any CPU
		{5D129837-6E27-40E4-93A7-87C06E5CF1AB}.Debug|Any CPU.Build.0 = Debug|Any CPU
		{5D129837-6E27-40E4-93A7-87C06E5CF1AB}.Release|Any CPU.ActiveCfg = Release|Any CPU
		{5D129837-6E27-40E4-93A7-87C06E5CF1AB}.Release|Any CPU.Build.0 = Release|Any CPU
		{144EDBA0-838A-4DBA-B882-65C31DF70734}.Debug|Any CPU.ActiveCfg = Debug|Any CPU
		{144EDBA0-838A-4DBA-B882-65C31DF70734}.Debug|Any CPU.Build.0 = Debug|Any CPU
		{144EDBA0-838A-4DBA-B882-65C31DF70734}.Release|Any CPU.ActiveCfg = Release|Any CPU
		{144EDBA0-838A-4DBA-B882-65C31DF70734}.Release|Any CPU.Build.0 = Release|Any CPU
		{A455C92E-C3C7-4EAB-8C14-9A03834D90C3}.Debug|Any CPU.ActiveCfg = Debug|Any CPU
		{A455C92E-C3C7-4EAB-8C14-9A03834D90C3}.Debug|Any CPU.Build.0 = Debug|Any CPU
		{A455C92E-C3C7-4EAB-8C14-9A03834D90C3}.Release|Any CPU.ActiveCfg = Release|Any CPU
		{A455C92E-C3C7-4EAB-8C14-9A03834D90C3}.Release|Any CPU.Build.0 = Release|Any CPU
		{E415C3D5-DCC4-4876-8122-EEA2FAD69295}.Debug|Any CPU.ActiveCfg = Debug|Any CPU
		{E415C3D5-DCC4-4876-8122-EEA2FAD69295}.Debug|Any CPU.Build.0 = Debug|Any CPU
		{E415C3D5-DCC4-4876-8122-EEA2FAD69295}.Release|Any CPU.ActiveCfg = Release|Any CPU
		{E415C3D5-DCC4-4876-8122-EEA2FAD69295}.Release|Any CPU.Build.0 = Release|Any CPU
	EndGlobalSection
	GlobalSection(SolutionProperties) = preSolution
		HideSolutionNode = FALSE
	EndGlobalSection
	GlobalSection(NestedProjects) = preSolution
		{6467BBDA-5041-4A97-819D-747EA6844952} = {26F0BA96-C75C-4BDF-A1CC-3A9F58A16D9E}
		{15377F80-2317-4000-A785-58CD5D923242} = {26F0BA96-C75C-4BDF-A1CC-3A9F58A16D9E}
		{63C36327-C407-4293-BAF2-B0F9AD9657B9} = {26F0BA96-C75C-4BDF-A1CC-3A9F58A16D9E}
		{3B11DF33-D775-45B1-BD16-1B3BE71D7917} = {26F0BA96-C75C-4BDF-A1CC-3A9F58A16D9E}
		{5D129837-6E27-40E4-93A7-87C06E5CF1AB} = {26F0BA96-C75C-4BDF-A1CC-3A9F58A16D9E}
		{144EDBA0-838A-4DBA-B882-65C31DF70734} = {26F0BA96-C75C-4BDF-A1CC-3A9F58A16D9E}
		{A455C92E-C3C7-4EAB-8C14-9A03834D90C3} = {26F0BA96-C75C-4BDF-A1CC-3A9F58A16D9E}
		{E415C3D5-DCC4-4876-8122-EEA2FAD69295} = {26F0BA96-C75C-4BDF-A1CC-3A9F58A16D9E}
	EndGlobalSection
	GlobalSection(ExtensibilityGlobals) = postSolution
		SolutionGuid = {8DBA26EF-235B-4656-A5DD-00C266A42735}
	EndGlobalSection
EndGlobal
